
Microsoft Visual Studio Solution File, Format Version 12.00
# Visual Studio Version 17
VisualStudioVersion = 17.9.34728.123
MinimumVisualStudioVersion = 10.0.40219.1
Project("{2150E333-8FDC-42A3-9474-1A3956D46DE8}") = "1 - Presentation", "1 - Presentation", "{0A5AF54E-B365-454D-8E40-7A9387B879A2}"
EndProject
Project("{9A19103F-16F7-4668-BE54-9A1E7A4F7556}") = "DevFreela.Presentation", "src\DevFreela.Presentation\DevFreela.Presentation.csproj", "{CCEDF36A-66AB-4C2B-BB87-B5324FC8DC31}"
EndProject
Project("{2150E333-8FDC-42A3-9474-1A3956D46DE8}") = "2 - Core", "2 - Core", "{630574BC-A2DD-4AEC-AC51-F145F376F551}"
EndProject
Project("{FAE04EC0-301F-11D3-BF4B-00C04F79EFBC}") = "DevFreela.Core", "DevFreela.Core\DevFreela.Core.csproj", "{0245165C-D6CD-438A-9E26-943677BED6F5}"
EndProject
Global
	GlobalSection(SolutionConfigurationPlatforms) = preSolution
		Debug|Any CPU = Debug|Any CPU
		Release|Any CPU = Release|Any CPU
	EndGlobalSection
	GlobalSection(ProjectConfigurationPlatforms) = postSolution
		{CCEDF36A-66AB-4C2B-BB87-B5324FC8DC31}.Debug|Any CPU.ActiveCfg = Debug|Any CPU
		{CCEDF36A-66AB-4C2B-BB87-B5324FC8DC31}.Debug|Any CPU.Build.0 = Debug|Any CPU
		{CCEDF36A-66AB-4C2B-BB87-B5324FC8DC31}.Release|Any CPU.ActiveCfg = Release|Any CPU
		{CCEDF36A-66AB-4C2B-BB87-B5324FC8DC31}.Release|Any CPU.Build.0 = Release|Any CPU
		{0245165C-D6CD-438A-9E26-943677BED6F5}.Debug|Any CPU.ActiveCfg = Debug|Any CPU
		{0245165C-D6CD-438A-9E26-943677BED6F5}.Debug|Any CPU.Build.0 = Debug|Any CPU
		{0245165C-D6CD-438A-9E26-943677BED6F5}.Release|Any CPU.ActiveCfg = Release|Any CPU
		{0245165C-D6CD-438A-9E26-943677BED6F5}.Release|Any CPU.Build.0 = Release|Any CPU
	EndGlobalSection
	GlobalSection(SolutionProperties) = preSolution
		HideSolutionNode = FALSE
	EndGlobalSection
	GlobalSection(NestedProjects) = preSolution
		{CCEDF36A-66AB-4C2B-BB87-B5324FC8DC31} = {0A5AF54E-B365-454D-8E40-7A9387B879A2}
		{0245165C-D6CD-438A-9E26-943677BED6F5} = {630574BC-A2DD-4AEC-AC51-F145F376F551}
	EndGlobalSection
	GlobalSection(ExtensibilityGlobals) = postSolution
		SolutionGuid = {1F00930A-3BE1-4B38-9D5F-50107069D8DF}
	EndGlobalSection
EndGlobal
